<Solution>
  <Folder Name="/src/">
    <Project Path="src/AspireStarter.ApiService/AspireStarter.ApiService.csproj" />
    <Project Path="src/AspireStarter.AppHost/AspireStarter.AppHost.csproj" />
    <Project Path="src/AspireStarter.ServiceDefaults/AspireStarter.ServiceDefaults.csproj" />
    <Project Path="src/AspireStarter.Web/AspireStarter.Web.csproj" />
  </Folder>
</Solution>
